
Microsoft Visual Studio Solution File, Format Version 12.00
# Visual Studio Version 17
VisualStudioVersion = 17.10.35027.167
MinimumVisualStudioVersion = 10.0.40219.1
Project("{FAE04EC0-301F-11D3-BF4B-00C04F79EFBC}") = "Portal", "Portal\Portal.csproj", "{5A6A983C-A41D-43EF-B351-ABC076FC6179}"
EndProject
Global
	GlobalSection(SolutionConfigurationPlatforms) = preSolution
		Debug|Any CPU = Debug|Any CPU
		Release|Any CPU = Release|Any CPU
	EndGlobalSection
	GlobalSection(ProjectConfigurationPlatforms) = postSolution
		{5A6A983C-A41D-43EF-B351-ABC076FC6179}.Debug|Any CPU.ActiveCfg = Debug|Any CPU
		{5A6A983C-A41D-43EF-B351-ABC076FC6179}.Debug|Any CPU.Build.0 = Debug|Any CPU
		{5A6A983C-A41D-43EF-B351-ABC076FC6179}.Release|Any CPU.ActiveCfg = Release|Any CPU
		{5A6A983C-A41D-43EF-B351-ABC076FC6179}.Release|Any CPU.Build.0 = Release|Any CPU
	EndGlobalSection
	GlobalSection(SolutionProperties) = preSolution
		HideSolutionNode = FALSE
	EndGlobalSection
	GlobalSection(ExtensibilityGlobals) = postSolution
		SolutionGuid = {052CB57C-81CB-4150-A441-51E6F8475D42}
	EndGlobalSection
EndGlobal
